
Microsoft Visual Studio Solution File, Format Version 12.00
# Visual Studio 15
VisualStudioVersion = 15.0.28307.1231
MinimumVisualStudioVersion = 10.0.40219.1
Project("{FAE04EC0-301F-11D3-BF4B-00C04F79EFBC}") = "PCS2020", "PCS2020\PCS2020.csproj", "{1F6F89A0-9087-4BE6-9019-97EDD5DB9C38}"
EndProject
Project("{FAE04EC0-301F-11D3-BF4B-00C04F79EFBC}") = "Library", "..\..\Library\Library\Library\Library.csproj", "{F37340AB-5327-4F8E-9C59-C426816BC876}"
EndProject
Global
	GlobalSection(SolutionConfigurationPlatforms) = preSolution
		Debug|Any CPU = Debug|Any CPU
		Debug|x64 = Debug|x64
		Release|Any CPU = Release|Any CPU
		Release|x64 = Release|x64
	EndGlobalSection
	GlobalSection(ProjectConfigurationPlatforms) = postSolution
		{1F6F89A0-9087-4BE6-9019-97EDD5DB9C38}.Debug|Any CPU.ActiveCfg = Debug|Any CPU
		{1F6F89A0-9087-4BE6-9019-97EDD5DB9C38}.Debug|Any CPU.Build.0 = Debug|Any CPU
		{1F6F89A0-9087-4BE6-9019-97EDD5DB9C38}.Debug|x64.ActiveCfg = Debug|x64
		{1F6F89A0-9087-4BE6-9019-97EDD5DB9C38}.Debug|x64.Build.0 = Debug|x64
		{1F6F89A0-9087-4BE6-9019-97EDD5DB9C38}.Release|Any CPU.ActiveCfg = Release|Any CPU
		{1F6F89A0-9087-4BE6-9019-97EDD5DB9C38}.Release|Any CPU.Build.0 = Release|Any CPU
		{1F6F89A0-9087-4BE6-9019-97EDD5DB9C38}.Release|x64.ActiveCfg = Release|x64
		{1F6F89A0-9087-4BE6-9019-97EDD5DB9C38}.Release|x64.Build.0 = Release|x64
		{F37340AB-5327-4F8E-9C59-C426816BC876}.Debug|Any CPU.ActiveCfg = Debug|Any CPU
		{F37340AB-5327-4F8E-9C59-C426816BC876}.Debug|Any CPU.Build.0 = Debug|Any CPU
		{F37340AB-5327-4F8E-9C59-C426816BC876}.Debug|x64.ActiveCfg = Debug|Any CPU
		{F37340AB-5327-4F8E-9C59-C426816BC876}.Debug|x64.Build.0 = Debug|Any CPU
		{F37340AB-5327-4F8E-9C59-C426816BC876}.Release|Any CPU.ActiveCfg = Release|Any CPU
		{F37340AB-5327-4F8E-9C59-C426816BC876}.Release|Any CPU.Build.0 = Release|Any CPU
		{F37340AB-5327-4F8E-9C59-C426816BC876}.Release|x64.ActiveCfg = Release|Any CPU
		{F37340AB-5327-4F8E-9C59-C426816BC876}.Release|x64.Build.0 = Release|Any CPU
	EndGlobalSection
	GlobalSection(SolutionProperties) = preSolution
		HideSolutionNode = FALSE
	EndGlobalSection
	GlobalSection(ExtensibilityGlobals) = postSolution
		SolutionGuid = {C6BF7A5B-B82E-420A-8DBB-3B578E1E036F}
	EndGlobalSection
EndGlobal
